// !$*UTF8*$!
{
	archiveVersion = 1;
	classes = {
	};
	objectVersion = 46;
	objects = {

/* Begin PBXBuildFile section */
		CF8646161894B59500B1BDEC /* Foundation.framework in Frameworks */ = {isa = PBXBuildFile; fileRef = CF8646151894B59500B1BDEC /* Foundation.framework */; };
		CF8646181894B59500B1BDEC /* CoreGraphics.framework in Frameworks */ = {isa = PBXBuildFile; fileRef = CF8646171894B59500B1BDEC /* CoreGraphics.framework */; };
		CF86461A1894B59500B1BDEC /* UIKit.framework in Frameworks */ = {isa = PBXBuildFile; fileRef = CF8646191894B59500B1BDEC /* UIKit.framework */; };
		CF86461C1894B59500B1BDEC /* CoreData.framework in Frameworks */ = {isa = PBXBuildFile; fileRef = CF86461B1894B59500B1BDEC /* CoreData.framework */; };
		CF8646221894B59500B1BDEC /* InfoPlist.strings in Resources */ = {isa = PBXBuildFile; fileRef = CF8646201894B59500B1BDEC /* InfoPlist.strings */; };
		CF8646241894B59500B1BDEC /* main.m in Sources */ = {isa = PBXBuildFile; fileRef = CF8646231894B59500B1BDEC /* main.m */; };
		CF8646281894B59500B1BDEC /* FITXAppDelegate.m in Sources */ = {isa = PBXBuildFile; fileRef = CF8646271894B59500B1BDEC /* FITXAppDelegate.m */; };
		CF86462B1894B59500B1BDEC /* FitSumEvaluation.xcdatamodeld in Sources */ = {isa = PBXBuildFile; fileRef = CF8646291894B59500B1BDEC /* FitSumEvaluation.xcdatamodeld */; };
		CF86462D1894B59500B1BDEC /* Images.xcassets in Resources */ = {isa = PBXBuildFile; fileRef = CF86462C1894B59500B1BDEC /* Images.xcassets */; };
		CF8646341894B59500B1BDEC /* XCTest.framework in Frameworks */ = {isa = PBXBuildFile; fileRef = CF8646331894B59500B1BDEC /* XCTest.framework */; };
		CF8646351894B59500B1BDEC /* Foundation.framework in Frameworks */ = {isa = PBXBuildFile; fileRef = CF8646151894B59500B1BDEC /* Foundation.framework */; };
		CF8646361894B59500B1BDEC /* UIKit.framework in Frameworks */ = {isa = PBXBuildFile; fileRef = CF8646191894B59500B1BDEC /* UIKit.framework */; };
		CF8646371894B59500B1BDEC /* CoreData.framework in Frameworks */ = {isa = PBXBuildFile; fileRef = CF86461B1894B59500B1BDEC /* CoreData.framework */; };
		CF86463F1894B59500B1BDEC /* InfoPlist.strings in Resources */ = {isa = PBXBuildFile; fileRef = CF86463D1894B59500B1BDEC /* InfoPlist.strings */; };
		CF8646411894B59500B1BDEC /* FitSumEvaluationTests.m in Sources */ = {isa = PBXBuildFile; fileRef = CF8646401894B59500B1BDEC /* FitSumEvaluationTests.m */; };
		CF86464B1894B72A00B1BDEC /* EvaluationStoryboardIphone.storyboard in Resources */ = {isa = PBXBuildFile; fileRef = CF86464A1894B72A00B1BDEC /* EvaluationStoryboardIphone.storyboard */; };
		CF86464E1894C0C400B1BDEC /* FITXView1Controller.m in Sources */ = {isa = PBXBuildFile; fileRef = CF86464D1894C0C400B1BDEC /* FITXView1Controller.m */; };
		CF8646521894CB6600B1BDEC /* README.md in Resources */ = {isa = PBXBuildFile; fileRef = CF8646511894CB6600B1BDEC /* README.md */; };
		CF8646551894CBDD00B1BDEC /* FITXView2Controller.m in Sources */ = {isa = PBXBuildFile; fileRef = CF8646541894CBDD00B1BDEC /* FITXView2Controller.m */; };
		CF8646581894CBE900B1BDEC /* FITXView3Controller.m in Sources */ = {isa = PBXBuildFile; fileRef = CF8646571894CBE900B1BDEC /* FITXView3Controller.m */; };
/* End PBXBuildFile section */

/* Begin PBXContainerItemProxy section */
		CF8646381894B59500B1BDEC /* PBXContainerItemProxy */ = {
			isa = PBXContainerItemProxy;
			containerPortal = CF86460A1894B59500B1BDEC /* Project object */;
			proxyType = 1;
			remoteGlobalIDString = CF8646111894B59500B1BDEC;
			remoteInfo = FitSumEvaluation;
		};
/* End PBXContainerItemProxy section */

/* Begin PBXFileReference section */
		CF8646121894B59500B1BDEC /* FitSumEvaluation.app */ = {isa = PBXFileReference; explicitFileType = wrapper.application; includeInIndex = 0; path = FitSumEvaluation.app; sourceTree = BUILT_PRODUCTS_DIR; };
		CF8646151894B59500B1BDEC /* Foundation.framework */ = {isa = PBXFileReference; lastKnownFileType = wrapper.framework; name = Foundation.framework; path = System/Library/Frameworks/Foundation.framework; sourceTree = SDKROOT; };
		CF8646171894B59500B1BDEC /* CoreGraphics.framework */ = {isa = PBXFileReference; lastKnownFileType = wrapper.framework; name = CoreGraphics.framework; path = System/Library/Frameworks/CoreGraphics.framework; sourceTree = SDKROOT; };
		CF8646191894B59500B1BDEC /* UIKit.framework */ = {isa = PBXFileReference; lastKnownFileType = wrapper.framework; name = UIKit.framework; path = System/Library/Frameworks/UIKit.framework; sourceTree = SDKROOT; };
		CF86461B1894B59500B1BDEC /* CoreData.framework */ = {isa = PBXFileReference; lastKnownFileType = wrapper.framework; name = CoreData.framework; path = System/Library/Frameworks/CoreData.framework; sourceTree = SDKROOT; };
		CF86461F1894B59500B1BDEC /* FitSumEvaluation-Info.plist */ = {isa = PBXFileReference; lastKnownFileType = text.plist.xml; path = "FitSumEvaluation-Info.plist"; sourceTree = "<group>"; };
		CF8646211894B59500B1BDEC /* en */ = {isa = PBXFileReference; lastKnownFileType = text.plist.strings; name = en; path = en.lproj/InfoPlist.strings; sourceTree = "<group>"; };
		CF8646231894B59500B1BDEC /* main.m */ = {isa = PBXFileReference; lastKnownFileType = sourcecode.c.objc; path = main.m; sourceTree = "<group>"; };
		CF8646251894B59500B1BDEC /* FitSumEvaluation-Prefix.pch */ = {isa = PBXFileReference; lastKnownFileType = sourcecode.c.h; path = "FitSumEvaluation-Prefix.pch"; sourceTree = "<group>"; };
		CF8646261894B59500B1BDEC /* FITXAppDelegate.h */ = {isa = PBXFileReference; lastKnownFileType = sourcecode.c.h; path = FITXAppDelegate.h; sourceTree = "<group>"; };
		CF8646271894B59500B1BDEC /* FITXAppDelegate.m */ = {isa = PBXFileReference; lastKnownFileType = sourcecode.c.objc; path = FITXAppDelegate.m; sourceTree = "<group>"; };
		CF86462A1894B59500B1BDEC /* FitSumEvaluation.xcdatamodel */ = {isa = PBXFileReference; lastKnownFileType = wrapper.xcdatamodel; path = FitSumEvaluation.xcdatamodel; sourceTree = "<group>"; };
		CF86462C1894B59500B1BDEC /* Images.xcassets */ = {isa = PBXFileReference; lastKnownFileType = folder.assetcatalog; path = Images.xcassets; sourceTree = "<group>"; };
		CF8646321894B59500B1BDEC /* FitSumEvaluationTests.xctest */ = {isa = PBXFileReference; explicitFileType = wrapper.cfbundle; includeInIndex = 0; path = FitSumEvaluationTests.xctest; sourceTree = BUILT_PRODUCTS_DIR; };
		CF8646331894B59500B1BDEC /* XCTest.framework */ = {isa = PBXFileReference; lastKnownFileType = wrapper.framework; name = XCTest.framework; path = Library/Frameworks/XCTest.framework; sourceTree = DEVELOPER_DIR; };
		CF86463C1894B59500B1BDEC /* FitSumEvaluationTests-Info.plist */ = {isa = PBXFileReference; lastKnownFileType = text.plist.xml; path = "FitSumEvaluationTests-Info.plist"; sourceTree = "<group>"; };
		CF86463E1894B59500B1BDEC /* en */ = {isa = PBXFileReference; lastKnownFileType = text.plist.strings; name = en; path = en.lproj/InfoPlist.strings; sourceTree = "<group>"; };
		CF8646401894B59500B1BDEC /* FitSumEvaluationTests.m */ = {isa = PBXFileReference; lastKnownFileType = sourcecode.c.objc; path = FitSumEvaluationTests.m; sourceTree = "<group>"; };
		CF86464A1894B72A00B1BDEC /* EvaluationStoryboardIphone.storyboard */ = {isa = PBXFileReference; fileEncoding = 4; lastKnownFileType = file.storyboard; path = EvaluationStoryboardIphone.storyboard; sourceTree = "<group>"; };
		CF86464C1894C0C400B1BDEC /* FITXView1Controller.h */ = {isa = PBXFileReference; fileEncoding = 4; lastKnownFileType = sourcecode.c.h; path = FITXView1Controller.h; sourceTree = "<group>"; };
		CF86464D1894C0C400B1BDEC /* FITXView1Controller.m */ = {isa = PBXFileReference; fileEncoding = 4; lastKnownFileType = sourcecode.c.objc; path = FITXView1Controller.m; sourceTree = "<group>"; };
		CF8646511894CB6600B1BDEC /* README.md */ = {isa = PBXFileReference; fileEncoding = 4; lastKnownFileType = text; path = README.md; sourceTree = "<group>"; };
		CF8646531894CBDD00B1BDEC /* FITXView2Controller.h */ = {isa = PBXFileReference; fileEncoding = 4; lastKnownFileType = sourcecode.c.h; path = FITXView2Controller.h; sourceTree = "<group>"; };
		CF8646541894CBDD00B1BDEC /* FITXView2Controller.m */ = {isa = PBXFileReference; fileEncoding = 4; lastKnownFileType = sourcecode.c.objc; path = FITXView2Controller.m; sourceTree = "<group>"; };
		CF8646561894CBE900B1BDEC /* FITXView3Controller.h */ = {isa = PBXFileReference; fileEncoding = 4; lastKnownFileType = sourcecode.c.h; path = FITXView3Controller.h; sourceTree = "<group>"; };
		CF8646571894CBE900B1BDEC /* FITXView3Controller.m */ = {isa = PBXFileReference; fileEncoding = 4; lastKnownFileType = sourcecode.c.objc; path = FITXView3Controller.m; sourceTree = "<group>"; };
/* End PBXFileReference section */

/* Begin PBXFrameworksBuildPhase section */
		CF86460F1894B59500B1BDEC /* Frameworks */ = {
			isa = PBXFrameworksBuildPhase;
			buildActionMask = 2147483647;
			files = (
				CF8646181894B59500B1BDEC /* CoreGraphics.framework in Frameworks */,
				CF86461C1894B59500B1BDEC /* CoreData.framework in Frameworks */,
				CF86461A1894B59500B1BDEC /* UIKit.framework in Frameworks */,
				CF8646161894B59500B1BDEC /* Foundation.framework in Frameworks */,
			);
			runOnlyForDeploymentPostprocessing = 0;
		};
		CF86462F1894B59500B1BDEC /* Frameworks */ = {
			isa = PBXFrameworksBuildPhase;
			buildActionMask = 2147483647;
			files = (
				CF8646341894B59500B1BDEC /* XCTest.framework in Frameworks */,
				CF8646371894B59500B1BDEC /* CoreData.framework in Frameworks */,
				CF8646361894B59500B1BDEC /* UIKit.framework in Frameworks */,
				CF8646351894B59500B1BDEC /* Foundation.framework in Frameworks */,
			);
			runOnlyForDeploymentPostprocessing = 0;
		};
/* End PBXFrameworksBuildPhase section */

/* Begin PBXGroup section */
		CF8646091894B59500B1BDEC = {
			isa = PBXGroup;
			children = (
				CF86461D1894B59500B1BDEC /* FitSumEvaluation */,
				CF86463A1894B59500B1BDEC /* FitSumEvaluationTests */,
				CF8646141894B59500B1BDEC /* Frameworks */,
				CF8646131894B59500B1BDEC /* Products */,
			);
			sourceTree = "<group>";
		};
		CF8646131894B59500B1BDEC /* Products */ = {
			isa = PBXGroup;
			children = (
				CF8646121894B59500B1BDEC /* FitSumEvaluation.app */,
				CF8646321894B59500B1BDEC /* FitSumEvaluationTests.xctest */,
			);
			name = Products;
			sourceTree = "<group>";
		};
		CF8646141894B59500B1BDEC /* Frameworks */ = {
			isa = PBXGroup;
			children = (
				CF8646151894B59500B1BDEC /* Foundation.framework */,
				CF8646171894B59500B1BDEC /* CoreGraphics.framework */,
				CF8646191894B59500B1BDEC /* UIKit.framework */,
				CF86461B1894B59500B1BDEC /* CoreData.framework */,
				CF8646331894B59500B1BDEC /* XCTest.framework */,
			);
			name = Frameworks;
			sourceTree = "<group>";
		};
		CF86461D1894B59500B1BDEC /* FitSumEvaluation */ = {
			isa = PBXGroup;
			children = (
				CF8646261894B59500B1BDEC /* FITXAppDelegate.h */,
				CF8646271894B59500B1BDEC /* FITXAppDelegate.m */,
				CF86462C1894B59500B1BDEC /* Images.xcassets */,
				CF8646291894B59500B1BDEC /* FitSumEvaluation.xcdatamodeld */,
				CF86461E1894B59500B1BDEC /* Supporting Files */,
				CF86464A1894B72A00B1BDEC /* EvaluationStoryboardIphone.storyboard */,
				CF86464C1894C0C400B1BDEC /* FITXView1Controller.h */,
				CF86464D1894C0C400B1BDEC /* FITXView1Controller.m */,
				CF8646511894CB6600B1BDEC /* README.md */,
				CF8646531894CBDD00B1BDEC /* FITXView2Controller.h */,
				CF8646541894CBDD00B1BDEC /* FITXView2Controller.m */,
				CF8646561894CBE900B1BDEC /* FITXView3Controller.h */,
				CF8646571894CBE900B1BDEC /* FITXView3Controller.m */,
			);
			path = FitSumEvaluation;
			sourceTree = "<group>";
		};
		CF86461E1894B59500B1BDEC /* Supporting Files */ = {
			isa = PBXGroup;
			children = (
				CF86461F1894B59500B1BDEC /* FitSumEvaluation-Info.plist */,
				CF8646201894B59500B1BDEC /* InfoPlist.strings */,
				CF8646231894B59500B1BDEC /* main.m */,
				CF8646251894B59500B1BDEC /* FitSumEvaluation-Prefix.pch */,
			);
			name = "Supporting Files";
			sourceTree = "<group>";
		};
		CF86463A1894B59500B1BDEC /* FitSumEvaluationTests */ = {
			isa = PBXGroup;
			children = (
				CF8646401894B59500B1BDEC /* FitSumEvaluationTests.m */,
				CF86463B1894B59500B1BDEC /* Supporting Files */,
			);
			path = FitSumEvaluationTests;
			sourceTree = "<group>";
		};
		CF86463B1894B59500B1BDEC /* Supporting Files */ = {
			isa = PBXGroup;
			children = (
				CF86463C1894B59500B1BDEC /* FitSumEvaluationTests-Info.plist */,
				CF86463D1894B59500B1BDEC /* InfoPlist.strings */,
			);
			name = "Supporting Files";
			sourceTree = "<group>";
		};
/* End PBXGroup section */

/* Begin PBXNativeTarget section */
		CF8646111894B59500B1BDEC /* FitSumEvaluation */ = {
			isa = PBXNativeTarget;
			buildConfigurationList = CF8646441894B59500B1BDEC /* Build configuration list for PBXNativeTarget "FitSumEvaluation" */;
			buildPhases = (
				CF86460E1894B59500B1BDEC /* Sources */,
				CF86460F1894B59500B1BDEC /* Frameworks */,
				CF8646101894B59500B1BDEC /* Resources */,
			);
			buildRules = (
			);
			dependencies = (
			);
			name = FitSumEvaluation;
			productName = FitSumEvaluation;
			productReference = CF8646121894B59500B1BDEC /* FitSumEvaluation.app */;
			productType = "com.apple.product-type.application";
		};
		CF8646311894B59500B1BDEC /* FitSumEvaluationTests */ = {
			isa = PBXNativeTarget;
			buildConfigurationList = CF8646471894B59500B1BDEC /* Build configuration list for PBXNativeTarget "FitSumEvaluationTests" */;
			buildPhases = (
				CF86462E1894B59500B1BDEC /* Sources */,
				CF86462F1894B59500B1BDEC /* Frameworks */,
				CF8646301894B59500B1BDEC /* Resources */,
			);
			buildRules = (
			);
			dependencies = (
				CF8646391894B59500B1BDEC /* PBXTargetDependency */,
			);
			name = FitSumEvaluationTests;
			productName = FitSumEvaluationTests;
			productReference = CF8646321894B59500B1BDEC /* FitSumEvaluationTests.xctest */;
			productType = "com.apple.product-type.bundle.unit-test";
		};
/* End PBXNativeTarget section */

/* Begin PBXProject section */
		CF86460A1894B59500B1BDEC /* Project object */ = {
			isa = PBXProject;
			attributes = {
				CLASSPREFIX = FITX;
				LastUpgradeCheck = 0500;
				ORGANIZATIONNAME = "Daniel Williams";
				TargetAttributes = {
					CF8646311894B59500B1BDEC = {
						TestTargetID = CF8646111894B59500B1BDEC;
					};
				};
			};
			buildConfigurationList = CF86460D1894B59500B1BDEC /* Build configuration list for PBXProject "FitSumEvaluation" */;
			compatibilityVersion = "Xcode 3.2";
			developmentRegion = English;
			hasScannedForEncodings = 0;
			knownRegions = (
				en,
			);
			mainGroup = CF8646091894B59500B1BDEC;
			productRefGroup = CF8646131894B59500B1BDEC /* Products */;
			projectDirPath = "";
			projectRoot = "";
			targets = (
				CF8646111894B59500B1BDEC /* FitSumEvaluation */,
				CF8646311894B59500B1BDEC /* FitSumEvaluationTests */,
			);
		};
/* End PBXProject section */

/* Begin PBXResourcesBuildPhase section */
		CF8646101894B59500B1BDEC /* Resources */ = {
			isa = PBXResourcesBuildPhase;
			buildActionMask = 2147483647;
			files = (
				CF86464B1894B72A00B1BDEC /* EvaluationStoryboardIphone.storyboard in Resources */,
				CF8646221894B59500B1BDEC /* InfoPlist.strings in Resources */,
				CF8646521894CB6600B1BDEC /* README.md in Resources */,
				CF86462D1894B59500B1BDEC /* Images.xcassets in Resources */,
			);
			runOnlyForDeploymentPostprocessing = 0;
		};
		CF8646301894B59500B1BDEC /* Resources */ = {
			isa = PBXResourcesBuildPhase;
			buildActionMask = 2147483647;
			files = (
				CF86463F1894B59500B1BDEC /* InfoPlist.strings in Resources */,
			);
			runOnlyForDeploymentPostprocessing = 0;
		};
/* End PBXResourcesBuildPhase section */

/* Begin PBXSourcesBuildPhase section */
		CF86460E1894B59500B1BDEC /* Sources */ = {
			isa = PBXSourcesBuildPhase;
			buildActionMask = 2147483647;
			files = (
				CF8646241894B59500B1BDEC /* main.m in Sources */,
				CF8646281894B59500B1BDEC /* FITXAppDelegate.m in Sources */,
				CF86462B1894B59500B1BDEC /* FitSumEvaluation.xcdatamodeld in Sources */,
				CF86464E1894C0C400B1BDEC /* FITXView1Controller.m in Sources */,
				CF8646551894CBDD00B1BDEC /* FITXView2Controller.m in Sources */,
				CF8646581894CBE900B1BDEC /* FITXView3Controller.m in Sources */,
			);
			runOnlyForDeploymentPostprocessing = 0;
		};
		CF86462E1894B59500B1BDEC /* Sources */ = {
			isa = PBXSourcesBuildPhase;
			buildActionMask = 2147483647;
			files = (
				CF8646411894B59500B1BDEC /* FitSumEvaluationTests.m in Sources */,
			);
			runOnlyForDeploymentPostprocessing = 0;
		};
/* End PBXSourcesBuildPhase section */

/* Begin PBXTargetDependency section */
		CF8646391894B59500B1BDEC /* PBXTargetDependency */ = {
			isa = PBXTargetDependency;
			target = CF8646111894B59500B1BDEC /* FitSumEvaluation */;
			targetProxy = CF8646381894B59500B1BDEC /* PBXContainerItemProxy */;
		};
/* End PBXTargetDependency section */

/* Begin PBXVariantGroup section */
		CF8646201894B59500B1BDEC /* InfoPlist.strings */ = {
			isa = PBXVariantGroup;
			children = (
				CF8646211894B59500B1BDEC /* en */,
			);
			name = InfoPlist.strings;
			sourceTree = "<group>";
		};
		CF86463D1894B59500B1BDEC /* InfoPlist.strings */ = {
			isa = PBXVariantGroup;
			children = (
				CF86463E1894B59500B1BDEC /* en */,
			);
			name = InfoPlist.strings;
			sourceTree = "<group>";
		};
/* End PBXVariantGroup section */

/* Begin XCBuildConfiguration section */
		CF8646421894B59500B1BDEC /* Debug */ = {
			isa = XCBuildConfiguration;
			buildSettings = {
				ALWAYS_SEARCH_USER_PATHS = NO;
				ARCHS = "$(ARCHS_STANDARD_INCLUDING_64_BIT)";
				CLANG_CXX_LANGUAGE_STANDARD = "gnu++0x";
				CLANG_CXX_LIBRARY = "libc++";
				CLANG_ENABLE_MODULES = YES;
				CLANG_ENABLE_OBJC_ARC = YES;
				CLANG_WARN_BOOL_CONVERSION = YES;
				CLANG_WARN_CONSTANT_CONVERSION = YES;
				CLANG_WARN_DIRECT_OBJC_ISA_USAGE = YES_ERROR;
				CLANG_WARN_EMPTY_BODY = YES;
				CLANG_WARN_ENUM_CONVERSION = YES;
				CLANG_WARN_INT_CONVERSION = YES;
				CLANG_WARN_OBJC_ROOT_CLASS = YES_ERROR;
				CLANG_WARN__DUPLICATE_METHOD_MATCH = YES;
				"CODE_SIGN_IDENTITY[sdk=iphoneos*]" = "iPhone Developer";
				COPY_PHASE_STRIP = NO;
				GCC_C_LANGUAGE_STANDARD = gnu99;
				GCC_DYNAMIC_NO_PIC = NO;
				GCC_OPTIMIZATION_LEVEL = 0;
				GCC_PREPROCESSOR_DEFINITIONS = (
					"DEBUG=1",
					"$(inherited)",
				);
				GCC_SYMBOLS_PRIVATE_EXTERN = NO;
				GCC_WARN_64_TO_32_BIT_CONVERSION = YES;
				GCC_WARN_ABOUT_RETURN_TYPE = YES_ERROR;
				GCC_WARN_UNDECLARED_SELECTOR = YES;
				GCC_WARN_UNINITIALIZED_AUTOS = YES;
				GCC_WARN_UNUSED_FUNCTION = YES;
				GCC_WARN_UNUSED_VARIABLE = YES;
				IPHONEOS_DEPLOYMENT_TARGET = 7.0;
				ONLY_ACTIVE_ARCH = YES;
				SDKROOT = iphoneos;
				TARGETED_DEVICE_FAMILY = "1,2";
			};
			name = Debug;
		};
		CF8646431894B59500B1BDEC /* Release */ = {
			isa = XCBuildConfiguration;
			buildSettings = {
				ALWAYS_SEARCH_USER_PATHS = NO;
				ARCHS = "$(ARCHS_STANDARD_INCLUDING_64_BIT)";
				CLANG_CXX_LANGUAGE_STANDARD = "gnu++0x";
				CLANG_CXX_LIBRARY = "libc++";
				CLANG_ENABLE_MODULES = YES;
				CLANG_ENABLE_OBJC_ARC = YES;
				CLANG_WARN_BOOL_CONVERSION = YES;
				CLANG_WARN_CONSTANT_CONVERSION = YES;
				CLANG_WARN_DIRECT_OBJC_ISA_USAGE = YES_ERROR;
				CLANG_WARN_EMPTY_BODY = YES;
				CLANG_WARN_ENUM_CONVERSION = YES;
				CLANG_WARN_INT_CONVERSION = YES;
				CLANG_WARN_OBJC_ROOT_CLASS = YES_ERROR;
				CLANG_WARN__DUPLICATE_METHOD_MATCH = YES;
				"CODE_SIGN_IDENTITY[sdk=iphoneos*]" = "iPhone Developer";
				COPY_PHASE_STRIP = YES;
				ENABLE_NS_ASSERTIONS = NO;
				GCC_C_LANGUAGE_STANDARD = gnu99;
				GCC_WARN_64_TO_32_BIT_CONVERSION = YES;
				GCC_WARN_ABOUT_RETURN_TYPE = YES_ERROR;
				GCC_WARN_UNDECLARED_SELECTOR = YES;
				GCC_WARN_UNINITIALIZED_AUTOS = YES;
				GCC_WARN_UNUSED_FUNCTION = YES;
				GCC_WARN_UNUSED_VARIABLE = YES;
				IPHONEOS_DEPLOYMENT_TARGET = 7.0;
				SDKROOT = iphoneos;
				TARGETED_DEVICE_FAMILY = "1,2";
				VALIDATE_PRODUCT = YES;
			};
			name = Release;
		};
		CF8646451894B59500B1BDEC /* Debug */ = {
			isa = XCBuildConfiguration;
			buildSettings = {
				ASSETCATALOG_COMPILER_APPICON_NAME = AppIcon;
				ASSETCATALOG_COMPILER_LAUNCHIMAGE_NAME = LaunchImage;
				GCC_PRECOMPILE_PREFIX_HEADER = YES;
				GCC_PREFIX_HEADER = "FitSumEvaluation/FitSumEvaluation-Prefix.pch";
				INFOPLIST_FILE = "FitSumEvaluation/FitSumEvaluation-Info.plist";
				PRODUCT_NAME = "$(TARGET_NAME)";
				WRAPPER_EXTENSION = app;
			};
			name = Debug;
		};
		CF8646461894B59500B1BDEC /* Release */ = {
			isa = XCBuildConfiguration;
			buildSettings = {
				ASSETCATALOG_COMPILER_APPICON_NAME = AppIcon;
				ASSETCATALOG_COMPILER_LAUNCHIMAGE_NAME = LaunchImage;
				GCC_PRECOMPILE_PREFIX_HEADER = YES;
				GCC_PREFIX_HEADER = "FitSumEvaluation/FitSumEvaluation-Prefix.pch";
				INFOPLIST_FILE = "FitSumEvaluation/FitSumEvaluation-Info.plist";
				PRODUCT_NAME = "$(TARGET_NAME)";
				WRAPPER_EXTENSION = app;
			};
			name = Release;
		};
		CF8646481894B59500B1BDEC /* Debug */ = {
			isa = XCBuildConfiguration;
			buildSettings = {
				ARCHS = "$(ARCHS_STANDARD_INCLUDING_64_BIT)";
				BUNDLE_LOADER = "$(BUILT_PRODUCTS_DIR)/FitSumEvaluation.app/FitSumEvaluation";
				FRAMEWORK_SEARCH_PATHS = (
					"$(SDKROOT)/Developer/Library/Frameworks",
					"$(inherited)",
					"$(DEVELOPER_FRAMEWORKS_DIR)",
				);
				GCC_PRECOMPILE_PREFIX_HEADER = YES;
				GCC_PREFIX_HEADER = "FitSumEvaluation/FitSumEvaluation-Prefix.pch";
				GCC_PREPROCESSOR_DEFINITIONS = (
					"DEBUG=1",
					"$(inherited)",
				);
				INFOPLIST_FILE = "FitSumEvaluationTests/FitSumEvaluationTests-Info.plist";
				PRODUCT_NAME = "$(TARGET_NAME)";
				TEST_HOST = "$(BUNDLE_LOADER)";
				WRAPPER_EXTENSION = xctest;
			};
			name = Debug;
		};
		CF8646491894B59500B1BDEC /* Release */ = {
			isa = XCBuildConfiguration;
			buildSettings = {
				ARCHS = "$(ARCHS_STANDARD_INCLUDING_64_BIT)";
				BUNDLE_LOADER = "$(BUILT_PRODUCTS_DIR)/FitSumEvaluation.app/FitSumEvaluation";
				FRAMEWORK_SEARCH_PATHS = (
					"$(SDKROOT)/Developer/Library/Frameworks",
					"$(inherited)",
					"$(DEVELOPER_FRAMEWORKS_DIR)",
				);
				GCC_PRECOMPILE_PREFIX_HEADER = YES;
				GCC_PREFIX_HEADER = "FitSumEvaluation/FitSumEvaluation-Prefix.pch";
				INFOPLIST_FILE = "FitSumEvaluationTests/FitSumEvaluationTests-Info.plist";
				PRODUCT_NAME = "$(TARGET_NAME)";
				TEST_HOST = "$(BUNDLE_LOADER)";
				WRAPPER_EXTENSION = xctest;
			};
			name = Release;
		};
/* End XCBuildConfiguration section */

/* Begin XCConfigurationList section */
		CF86460D1894B59500B1BDEC /* Build configuration list for PBXProject "FitSumEvaluation" */ = {
			isa = XCConfigurationList;
			buildConfigurations = (
				CF8646421894B59500B1BDEC /* Debug */,
				CF8646431894B59500B1BDEC /* Release */,
			);
			defaultConfigurationIsVisible = 0;
			defaultConfigurationName = Release;
		};
		CF8646441894B59500B1BDEC /* Build configuration list for PBXNativeTarget "FitSumEvaluation" */ = {
			isa = XCConfigurationList;
			buildConfigurations = (
				CF8646451894B59500B1BDEC /* Debug */,
				CF8646461894B59500B1BDEC /* Release */,
			);
			defaultConfigurationIsVisible = 0;
		};
		CF8646471894B59500B1BDEC /* Build configuration list for PBXNativeTarget "FitSumEvaluationTests" */ = {
			isa = XCConfigurationList;
			buildConfigurations = (
				CF8646481894B59500B1BDEC /* Debug */,
				CF8646491894B59500B1BDEC /* Release */,
			);
			defaultConfigurationIsVisible = 0;
		};
/* End XCConfigurationList section */

/* Begin XCVersionGroup section */
		CF8646291894B59500B1BDEC /* FitSumEvaluation.xcdatamodeld */ = {
			isa = XCVersionGroup;
			children = (
				CF86462A1894B59500B1BDEC /* FitSumEvaluation.xcdatamodel */,
			);
			currentVersion = CF86462A1894B59500B1BDEC /* FitSumEvaluation.xcdatamodel */;
			path = FitSumEvaluation.xcdatamodeld;
			sourceTree = "<group>";
			versionGroupType = wrapper.xcdatamodel;
		};
/* End XCVersionGroup section */
	};
	rootObject = CF86460A1894B59500B1BDEC /* Project object */;
}
